// !$*UTF8*$!
{
	archiveVersion = 1;
	classes = {
	};
	objectVersion = 55;
	objects = {

/* Begin PBXBuildFile section */
		0EDF7795273AE90500C1A4A1 /* SelectedEffectView.swift in Sources */ = {isa = PBXBuildFile; fileRef = 0EDF7794273AE90500C1A4A1 /* SelectedEffectView.swift */; };
		0EDF7797273AE92C00C1A4A1 /* SelectedEffectView.xib in Resources */ = {isa = PBXBuildFile; fileRef = 0EDF7796273AE92C00C1A4A1 /* SelectedEffectView.xib */; };
		0EDF7799273AEB6700C1A4A1 /* RingView.swift in Sources */ = {isa = PBXBuildFile; fileRef = 0EDF7798273AEB6700C1A4A1 /* RingView.swift */; };
		0EDF779D273EF49D00C1A4A1 /* MenuView.xib in Resources */ = {isa = PBXBuildFile; fileRef = 0EDF779C273EF49D00C1A4A1 /* MenuView.xib */; };
		0EDF779F2742868E00C1A4A1 /* MenuView.swift in Sources */ = {isa = PBXBuildFile; fileRef = 0EDF779E2742868D00C1A4A1 /* MenuView.swift */; };
		0EDF77A32742A9FB00C1A4A1 /* UnselectedMusicView.xib in Resources */ = {isa = PBXBuildFile; fileRef = 0EDF77A22742A9FB00C1A4A1 /* UnselectedMusicView.xib */; };
		0EDF77A527433B1300C1A4A1 /* UnselectedMusicView.swift in Sources */ = {isa = PBXBuildFile; fileRef = 0EDF77A427433B1300C1A4A1 /* UnselectedMusicView.swift */; };
		0EDF77A72743EC4200C1A4A1 /* MusicStyleCarousel.swift in Sources */ = {isa = PBXBuildFile; fileRef = 0EDF77A62743EC4200C1A4A1 /* MusicStyleCarousel.swift */; };
		0EDF77A92743F4B200C1A4A1 /* SelectedMusicView.xib in Resources */ = {isa = PBXBuildFile; fileRef = 0EDF77A82743F4B200C1A4A1 /* SelectedMusicView.xib */; };
		0EDF77AD2743F9E400C1A4A1 /* SelectedMusicView.swift in Sources */ = {isa = PBXBuildFile; fileRef = 0EDF77AC2743F9E400C1A4A1 /* SelectedMusicView.swift */; };
		0EDF77B127440FBE00C1A4A1 /* EffectsStyleCarousel.swift in Sources */ = {isa = PBXBuildFile; fileRef = 0EDF77B027440FBE00C1A4A1 /* EffectsStyleCarousel.swift */; };
		0EDF77B327441A7C00C1A4A1 /* MusicGenreModel.swift in Sources */ = {isa = PBXBuildFile; fileRef = 0EDF77B227441A7C00C1A4A1 /* MusicGenreModel.swift */; };
		0EDF77B52744219400C1A4A1 /* SelectedGenreView.swift in Sources */ = {isa = PBXBuildFile; fileRef = 0EDF77B42744219400C1A4A1 /* SelectedGenreView.swift */; };
		0EDF77B7274421CF00C1A4A1 /* SelectedGenreView.xib in Resources */ = {isa = PBXBuildFile; fileRef = 0EDF77B6274421CF00C1A4A1 /* SelectedGenreView.xib */; };
		0EDF77B9274426AE00C1A4A1 /* EffectStyleModel.swift in Sources */ = {isa = PBXBuildFile; fileRef = 0EDF77B8274426AE00C1A4A1 /* EffectStyleModel.swift */; };
		0EDF77BB27442A0000C1A4A1 /* UnselectedGenreView.swift in Sources */ = {isa = PBXBuildFile; fileRef = 0EDF77BA27442A0000C1A4A1 /* UnselectedGenreView.swift */; };
		0EDF77BD27442A2000C1A4A1 /* UnselectedGenreView.xib in Resources */ = {isa = PBXBuildFile; fileRef = 0EDF77BC27442A2000C1A4A1 /* UnselectedGenreView.xib */; };
		0EDF77BF274698D200C1A4A1 /* GenreCarousel.swift in Sources */ = {isa = PBXBuildFile; fileRef = 0EDF77BE274698D200C1A4A1 /* GenreCarousel.swift */; };
		C13394CD4AA933010C797372 /* Pods_MotionMusic.framework in Frameworks */ = {isa = PBXBuildFile; fileRef = 3425F586F24F5750B0FAB525 /* Pods_MotionMusic.framework */; };
		EE13CD8A2739973600DC9B3D /* PointGroupModel.swift in Sources */ = {isa = PBXBuildFile; fileRef = EE13CD892739973600DC9B3D /* PointGroupModel.swift */; };
		EE13CD8D2739A69700DC9B3D /* AudioKit in Frameworks */ = {isa = PBXBuildFile; productRef = EE13CD8C2739A69700DC9B3D /* AudioKit */; };
		EE13CD902739A6A900DC9B3D /* SoundpipeAudioKit in Frameworks */ = {isa = PBXBuildFile; productRef = EE13CD8F2739A6A900DC9B3D /* SoundpipeAudioKit */; };
		EE3DACF7273D8BBE0038FAE6 /* CarouselModule.swift in Sources */ = {isa = PBXBuildFile; fileRef = EE3DACF6273D8BBE0038FAE6 /* CarouselModule.swift */; };
		EE3DACF9273D8C240038FAE6 /* MotionMusicModule.swift in Sources */ = {isa = PBXBuildFile; fileRef = EE3DACF8273D8C240038FAE6 /* MotionMusicModule.swift */; };
		EE3DACFB273D8C930038FAE6 /* RecordingModule.swift in Sources */ = {isa = PBXBuildFile; fileRef = EE3DACFA273D8C930038FAE6 /* RecordingModule.swift */; };
		EE3DACFD273D8D500038FAE6 /* SoundsModule.swift in Sources */ = {isa = PBXBuildFile; fileRef = EE3DACFC273D8D500038FAE6 /* SoundsModule.swift */; };
		EE3DACFF273D8D9D0038FAE6 /* VisionModule.swift in Sources */ = {isa = PBXBuildFile; fileRef = EE3DACFE273D8D9D0038FAE6 /* VisionModule.swift */; };
		EE3DAD01273D8E210038FAE6 /* CaptureModule.swift in Sources */ = {isa = PBXBuildFile; fileRef = EE3DAD00273D8E210038FAE6 /* CaptureModule.swift */; };
		EE3DAD03273D8E730038FAE6 /* UIModule.swift in Sources */ = {isa = PBXBuildFile; fileRef = EE3DAD02273D8E730038FAE6 /* UIModule.swift */; };
		EE3DAD05273D8F7D0038FAE6 /* AnimationModule.swift in Sources */ = {isa = PBXBuildFile; fileRef = EE3DAD04273D8F7D0038FAE6 /* AnimationModule.swift */; };
		EE3DAD0B273D9C900038FAE6 /* ReviewView.storyboard in Resources */ = {isa = PBXBuildFile; fileRef = EE3DAD0A273D9C900038FAE6 /* ReviewView.storyboard */; };
		EE3DAD0D273D9CA50038FAE6 /* ReviewViewController.swift in Sources */ = {isa = PBXBuildFile; fileRef = EE3DAD0C273D9CA50038FAE6 /* ReviewViewController.swift */; };
		EE3DAD5C273EFF180038FAE6 /* piano in Resources */ = {isa = PBXBuildFile; fileRef = EE3DAD5B273EFF180038FAE6 /* piano */; };
		EE47AA802746E1E400CFBA63 /* MusicMenuView.swift in Sources */ = {isa = PBXBuildFile; fileRef = EE47AA7F2746E1E400CFBA63 /* MusicMenuView.swift */; };
		EE47AA822746EB0B00CFBA63 /* EffectMenuView.swift in Sources */ = {isa = PBXBuildFile; fileRef = EE47AA812746EB0B00CFBA63 /* EffectMenuView.swift */; };
		EE47AA842748200700CFBA63 /* clap.json in Resources */ = {isa = PBXBuildFile; fileRef = EE47AA832748200700CFBA63 /* clap.json */; };
		EEA4143F27441EFA00BC9878 /* drums in Resources */ = {isa = PBXBuildFile; fileRef = EEA4143E27441EFA00BC9878 /* drums */; };
		EEA41449274577AA00BC9878 /* UnselectedEffectView.swift in Sources */ = {isa = PBXBuildFile; fileRef = EEA41447274577AA00BC9878 /* UnselectedEffectView.swift */; };
		EEA4144A274577AA00BC9878 /* UnselectedEffectView.xib in Resources */ = {isa = PBXBuildFile; fileRef = EEA41448274577AA00BC9878 /* UnselectedEffectView.xib */; };
		EEA4144C274578FF00BC9878 /* CustomCarouselView.swift in Sources */ = {isa = PBXBuildFile; fileRef = EEA4144B274578FF00BC9878 /* CustomCarouselView.swift */; };
		EEA4144E27457F7C00BC9878 /* BaseCarouselItem.swift in Sources */ = {isa = PBXBuildFile; fileRef = EEA4144D27457F7C00BC9878 /* BaseCarouselItem.swift */; };
		EEE28E7F2745986A00F022FF /* MusicMotionService.swift in Sources */ = {isa = PBXBuildFile; fileRef = EEE28E7E2745986A00F022FF /* MusicMotionService.swift */; };
		EEECFFAB2735A11100821227 /* AppDelegate.swift in Sources */ = {isa = PBXBuildFile; fileRef = EEECFFAA2735A11100821227 /* AppDelegate.swift */; };
		EEECFFAD2735A11100821227 /* SceneDelegate.swift in Sources */ = {isa = PBXBuildFile; fileRef = EEECFFAC2735A11100821227 /* SceneDelegate.swift */; };
		EEECFFAF2735A11100821227 /* SplashViewController.swift in Sources */ = {isa = PBXBuildFile; fileRef = EEECFFAE2735A11100821227 /* SplashViewController.swift */; };
		EEECFFB22735A11100821227 /* SplashView.storyboard in Resources */ = {isa = PBXBuildFile; fileRef = EEECFFB02735A11100821227 /* SplashView.storyboard */; };
		EEECFFB42735A11300821227 /* Assets.xcassets in Resources */ = {isa = PBXBuildFile; fileRef = EEECFFB32735A11300821227 /* Assets.xcassets */; };
		EEECFFB72735A11300821227 /* LaunchScreen.storyboard in Resources */ = {isa = PBXBuildFile; fileRef = EEECFFB52735A11300821227 /* LaunchScreen.storyboard */; };
		EEECFFC12735A55600821227 /* CloudKit.framework in Frameworks */ = {isa = PBXBuildFile; fileRef = EEECFFC02735A55600821227 /* CloudKit.framework */; };
		EEECFFC62735A65700821227 /* SoundButtonModel.swift in Sources */ = {isa = PBXBuildFile; fileRef = EEECFFC52735A65700821227 /* SoundButtonModel.swift */; };
		EEECFFC82735A9F700821227 /* MusicModel.swift in Sources */ = {isa = PBXBuildFile; fileRef = EEECFFC72735A9F700821227 /* MusicModel.swift */; };
		EEECFFCC2735AB4300821227 /* HomeView.storyboard in Resources */ = {isa = PBXBuildFile; fileRef = EEECFFCB2735AB4300821227 /* HomeView.storyboard */; };
		EEECFFCE2735AB5500821227 /* HomeViewController.swift in Sources */ = {isa = PBXBuildFile; fileRef = EEECFFCD2735AB5500821227 /* HomeViewController.swift */; };
		EEECFFD42735BCBD00821227 /* functions.swift in Sources */ = {isa = PBXBuildFile; fileRef = EEECFFD32735BCBD00821227 /* functions.swift */; };
		EEECFFD62735C59300821227 /* extensions.swift in Sources */ = {isa = PBXBuildFile; fileRef = EEECFFD52735C59300821227 /* extensions.swift */; };
/* End PBXBuildFile section */

/* Begin PBXFileReference section */
		0EDF7794273AE90500C1A4A1 /* SelectedEffectView.swift */ = {isa = PBXFileReference; lastKnownFileType = sourcecode.swift; path = SelectedEffectView.swift; sourceTree = "<group>"; };
		0EDF7796273AE92C00C1A4A1 /* SelectedEffectView.xib */ = {isa = PBXFileReference; lastKnownFileType = file.xib; path = SelectedEffectView.xib; sourceTree = "<group>"; };
		0EDF7798273AEB6700C1A4A1 /* RingView.swift */ = {isa = PBXFileReference; lastKnownFileType = sourcecode.swift; path = RingView.swift; sourceTree = "<group>"; };
		0EDF779C273EF49D00C1A4A1 /* MenuView.xib */ = {isa = PBXFileReference; lastKnownFileType = file.xib; path = MenuView.xib; sourceTree = "<group>"; };
		0EDF779E2742868D00C1A4A1 /* MenuView.swift */ = {isa = PBXFileReference; lastKnownFileType = sourcecode.swift; path = MenuView.swift; sourceTree = "<group>"; };
		0EDF77A22742A9FB00C1A4A1 /* UnselectedMusicView.xib */ = {isa = PBXFileReference; lastKnownFileType = file.xib; path = UnselectedMusicView.xib; sourceTree = "<group>"; };
		0EDF77A427433B1300C1A4A1 /* UnselectedMusicView.swift */ = {isa = PBXFileReference; lastKnownFileType = sourcecode.swift; path = UnselectedMusicView.swift; sourceTree = "<group>"; };
		0EDF77A62743EC4200C1A4A1 /* MusicStyleCarousel.swift */ = {isa = PBXFileReference; lastKnownFileType = sourcecode.swift; path = MusicStyleCarousel.swift; sourceTree = "<group>"; };
		0EDF77A82743F4B200C1A4A1 /* SelectedMusicView.xib */ = {isa = PBXFileReference; lastKnownFileType = file.xib; path = SelectedMusicView.xib; sourceTree = "<group>"; };
		0EDF77AC2743F9E400C1A4A1 /* SelectedMusicView.swift */ = {isa = PBXFileReference; lastKnownFileType = sourcecode.swift; path = SelectedMusicView.swift; sourceTree = "<group>"; };
		0EDF77B027440FBE00C1A4A1 /* EffectsStyleCarousel.swift */ = {isa = PBXFileReference; lastKnownFileType = sourcecode.swift; path = EffectsStyleCarousel.swift; sourceTree = "<group>"; };
		0EDF77B227441A7C00C1A4A1 /* MusicGenreModel.swift */ = {isa = PBXFileReference; lastKnownFileType = sourcecode.swift; path = MusicGenreModel.swift; sourceTree = "<group>"; };
		0EDF77B42744219400C1A4A1 /* SelectedGenreView.swift */ = {isa = PBXFileReference; lastKnownFileType = sourcecode.swift; path = SelectedGenreView.swift; sourceTree = "<group>"; };
		0EDF77B6274421CF00C1A4A1 /* SelectedGenreView.xib */ = {isa = PBXFileReference; lastKnownFileType = file.xib; path = SelectedGenreView.xib; sourceTree = "<group>"; };
		0EDF77B8274426AE00C1A4A1 /* EffectStyleModel.swift */ = {isa = PBXFileReference; lastKnownFileType = sourcecode.swift; path = EffectStyleModel.swift; sourceTree = "<group>"; };
		0EDF77BA27442A0000C1A4A1 /* UnselectedGenreView.swift */ = {isa = PBXFileReference; lastKnownFileType = sourcecode.swift; path = UnselectedGenreView.swift; sourceTree = "<group>"; };
		0EDF77BC27442A2000C1A4A1 /* UnselectedGenreView.xib */ = {isa = PBXFileReference; lastKnownFileType = file.xib; path = UnselectedGenreView.xib; sourceTree = "<group>"; };
		0EDF77BE274698D200C1A4A1 /* GenreCarousel.swift */ = {isa = PBXFileReference; lastKnownFileType = sourcecode.swift; path = GenreCarousel.swift; sourceTree = "<group>"; };
		3425F586F24F5750B0FAB525 /* Pods_MotionMusic.framework */ = {isa = PBXFileReference; explicitFileType = wrapper.framework; includeInIndex = 0; path = Pods_MotionMusic.framework; sourceTree = BUILT_PRODUCTS_DIR; };
		EE13CD892739973600DC9B3D /* PointGroupModel.swift */ = {isa = PBXFileReference; lastKnownFileType = sourcecode.swift; path = PointGroupModel.swift; sourceTree = "<group>"; };
		EE13CD912739B50E00DC9B3D /* open_hi_hat_A#1.wav */ = {isa = PBXFileReference; lastKnownFileType = audio.wav; path = "open_hi_hat_A#1.wav"; sourceTree = "<group>"; };
		EE13CD922739B50F00DC9B3D /* bass_drum_C1.wav */ = {isa = PBXFileReference; lastKnownFileType = audio.wav; path = bass_drum_C1.wav; sourceTree = "<group>"; };
		EE13CD932739B50F00DC9B3D /* clap_D#1.wav */ = {isa = PBXFileReference; lastKnownFileType = audio.wav; path = "clap_D#1.wav"; sourceTree = "<group>"; };
		EE3DACF6273D8BBE0038FAE6 /* CarouselModule.swift */ = {isa = PBXFileReference; lastKnownFileType = sourcecode.swift; path = CarouselModule.swift; sourceTree = "<group>"; };
		EE3DACF8273D8C240038FAE6 /* MotionMusicModule.swift */ = {isa = PBXFileReference; lastKnownFileType = sourcecode.swift; path = MotionMusicModule.swift; sourceTree = "<group>"; };
		EE3DACFA273D8C930038FAE6 /* RecordingModule.swift */ = {isa = PBXFileReference; lastKnownFileType = sourcecode.swift; path = RecordingModule.swift; sourceTree = "<group>"; };
		EE3DACFC273D8D500038FAE6 /* SoundsModule.swift */ = {isa = PBXFileReference; lastKnownFileType = sourcecode.swift; path = SoundsModule.swift; sourceTree = "<group>"; };
		EE3DACFE273D8D9D0038FAE6 /* VisionModule.swift */ = {isa = PBXFileReference; lastKnownFileType = sourcecode.swift; path = VisionModule.swift; sourceTree = "<group>"; };
		EE3DAD00273D8E210038FAE6 /* CaptureModule.swift */ = {isa = PBXFileReference; lastKnownFileType = sourcecode.swift; path = CaptureModule.swift; sourceTree = "<group>"; };
		EE3DAD02273D8E730038FAE6 /* UIModule.swift */ = {isa = PBXFileReference; lastKnownFileType = sourcecode.swift; path = UIModule.swift; sourceTree = "<group>"; };
		EE3DAD04273D8F7D0038FAE6 /* AnimationModule.swift */ = {isa = PBXFileReference; lastKnownFileType = sourcecode.swift; path = AnimationModule.swift; sourceTree = "<group>"; };
		EE3DAD07273D90430038FAE6 /* fireworks.json */ = {isa = PBXFileReference; fileEncoding = 4; lastKnownFileType = text.json; path = fireworks.json; sourceTree = "<group>"; };
		EE3DAD0A273D9C900038FAE6 /* ReviewView.storyboard */ = {isa = PBXFileReference; lastKnownFileType = file.storyboard; path = ReviewView.storyboard; sourceTree = "<group>"; };
		EE3DAD0C273D9CA50038FAE6 /* ReviewViewController.swift */ = {isa = PBXFileReference; lastKnownFileType = sourcecode.swift; path = ReviewViewController.swift; sourceTree = "<group>"; };
		EE3DAD5B273EFF180038FAE6 /* piano */ = {isa = PBXFileReference; lastKnownFileType = folder; path = piano; sourceTree = "<group>"; };
		EE47AA7F2746E1E400CFBA63 /* MusicMenuView.swift */ = {isa = PBXFileReference; lastKnownFileType = sourcecode.swift; path = MusicMenuView.swift; sourceTree = "<group>"; };
		EE47AA812746EB0B00CFBA63 /* EffectMenuView.swift */ = {isa = PBXFileReference; lastKnownFileType = sourcecode.swift; path = EffectMenuView.swift; sourceTree = "<group>"; };
		EE47AA832748200700CFBA63 /* clap.json */ = {isa = PBXFileReference; fileEncoding = 4; lastKnownFileType = text.json; path = clap.json; sourceTree = "<group>"; };
		EEA4143E27441EFA00BC9878 /* drums */ = {isa = PBXFileReference; lastKnownFileType = folder; path = drums; sourceTree = "<group>"; };
		EEA41447274577AA00BC9878 /* UnselectedEffectView.swift */ = {isa = PBXFileReference; fileEncoding = 4; lastKnownFileType = sourcecode.swift; name = UnselectedEffectView.swift; path = MotionMusic/components/effects/UnselectedEffectView.swift; sourceTree = SOURCE_ROOT; };
		EEA41448274577AA00BC9878 /* UnselectedEffectView.xib */ = {isa = PBXFileReference; fileEncoding = 4; lastKnownFileType = file.xib; name = UnselectedEffectView.xib; path = MotionMusic/components/effects/UnselectedEffectView.xib; sourceTree = SOURCE_ROOT; };
		EEA4144B274578FF00BC9878 /* CustomCarouselView.swift */ = {isa = PBXFileReference; lastKnownFileType = sourcecode.swift; path = CustomCarouselView.swift; sourceTree = "<group>"; };
		EEA4144D27457F7C00BC9878 /* BaseCarouselItem.swift */ = {isa = PBXFileReference; lastKnownFileType = sourcecode.swift; path = BaseCarouselItem.swift; sourceTree = "<group>"; };
		EEE28E7E2745986A00F022FF /* MusicMotionService.swift */ = {isa = PBXFileReference; lastKnownFileType = sourcecode.swift; path = MusicMotionService.swift; sourceTree = "<group>"; };
		EEECFFA72735A11100821227 /* MotionMusic.app */ = {isa = PBXFileReference; explicitFileType = wrapper.application; includeInIndex = 0; path = MotionMusic.app; sourceTree = BUILT_PRODUCTS_DIR; };
		EEECFFAA2735A11100821227 /* AppDelegate.swift */ = {isa = PBXFileReference; lastKnownFileType = sourcecode.swift; path = AppDelegate.swift; sourceTree = "<group>"; };
		EEECFFAC2735A11100821227 /* SceneDelegate.swift */ = {isa = PBXFileReference; lastKnownFileType = sourcecode.swift; path = SceneDelegate.swift; sourceTree = "<group>"; };
		EEECFFAE2735A11100821227 /* SplashViewController.swift */ = {isa = PBXFileReference; lastKnownFileType = sourcecode.swift; path = SplashViewController.swift; sourceTree = "<group>"; };
		EEECFFB12735A11100821227 /* Base */ = {isa = PBXFileReference; lastKnownFileType = file.storyboard; name = Base; path = Base.lproj/SplashView.storyboard; sourceTree = "<group>"; };
		EEECFFB32735A11300821227 /* Assets.xcassets */ = {isa = PBXFileReference; lastKnownFileType = folder.assetcatalog; path = Assets.xcassets; sourceTree = "<group>"; };
		EEECFFB62735A11300821227 /* Base */ = {isa = PBXFileReference; lastKnownFileType = file.storyboard; name = Base; path = Base.lproj/LaunchScreen.storyboard; sourceTree = "<group>"; };
		EEECFFB82735A11300821227 /* Info.plist */ = {isa = PBXFileReference; lastKnownFileType = text.plist.xml; path = Info.plist; sourceTree = "<group>"; };
		EEECFFBE2735A54C00821227 /* MotionMusic.entitlements */ = {isa = PBXFileReference; lastKnownFileType = text.plist.entitlements; path = MotionMusic.entitlements; sourceTree = "<group>"; };
		EEECFFC02735A55600821227 /* CloudKit.framework */ = {isa = PBXFileReference; lastKnownFileType = wrapper.framework; name = CloudKit.framework; path = System/Library/Frameworks/CloudKit.framework; sourceTree = SDKROOT; };
		EEECFFC52735A65700821227 /* SoundButtonModel.swift */ = {isa = PBXFileReference; lastKnownFileType = sourcecode.swift; path = SoundButtonModel.swift; sourceTree = "<group>"; };
		EEECFFC72735A9F700821227 /* MusicModel.swift */ = {isa = PBXFileReference; lastKnownFileType = sourcecode.swift; path = MusicModel.swift; sourceTree = "<group>"; };
		EEECFFCB2735AB4300821227 /* HomeView.storyboard */ = {isa = PBXFileReference; lastKnownFileType = file.storyboard; path = HomeView.storyboard; sourceTree = "<group>"; };
		EEECFFCD2735AB5500821227 /* HomeViewController.swift */ = {isa = PBXFileReference; lastKnownFileType = sourcecode.swift; path = HomeViewController.swift; sourceTree = "<group>"; };
		EEECFFD32735BCBD00821227 /* functions.swift */ = {isa = PBXFileReference; lastKnownFileType = sourcecode.swift; path = functions.swift; sourceTree = "<group>"; };
		EEECFFD52735C59300821227 /* extensions.swift */ = {isa = PBXFileReference; lastKnownFileType = sourcecode.swift; path = extensions.swift; sourceTree = "<group>"; };
		F08BF408A50CFF92720C3E07 /* Pods-MotionMusic.release.xcconfig */ = {isa = PBXFileReference; includeInIndex = 1; lastKnownFileType = text.xcconfig; name = "Pods-MotionMusic.release.xcconfig"; path = "Target Support Files/Pods-MotionMusic/Pods-MotionMusic.release.xcconfig"; sourceTree = "<group>"; };
		F482BD3DEB661F770CCA9930 /* Pods-MotionMusic.debug.xcconfig */ = {isa = PBXFileReference; includeInIndex = 1; lastKnownFileType = text.xcconfig; name = "Pods-MotionMusic.debug.xcconfig"; path = "Target Support Files/Pods-MotionMusic/Pods-MotionMusic.debug.xcconfig"; sourceTree = "<group>"; };
/* End PBXFileReference section */

/* Begin PBXFrameworksBuildPhase section */
		EEECFFA42735A11100821227 /* Frameworks */ = {
			isa = PBXFrameworksBuildPhase;
			buildActionMask = 2147483647;
			files = (
				EE13CD8D2739A69700DC9B3D /* AudioKit in Frameworks */,
				EEECFFC12735A55600821227 /* CloudKit.framework in Frameworks */,
				EE13CD902739A6A900DC9B3D /* SoundpipeAudioKit in Frameworks */,
				C13394CD4AA933010C797372 /* Pods_MotionMusic.framework in Frameworks */,
			);
			runOnlyForDeploymentPostprocessing = 0;
		};
/* End PBXFrameworksBuildPhase section */

/* Begin PBXGroup section */
		0EDF7793273AE8C400C1A4A1 /* components */ = {
			isa = PBXGroup;
			children = (
				EEE28E76274583AA00F022FF /* music */,
				EEA4144F274580D800BC9878 /* genre */,
				EEA414462745772E00BC9878 /* effects */,
				0EDF779E2742868D00C1A4A1 /* MenuView.swift */,
				0EDF779C273EF49D00C1A4A1 /* MenuView.xib */,
				0EDF7798273AEB6700C1A4A1 /* RingView.swift */,
				EEA4144B274578FF00BC9878 /* CustomCarouselView.swift */,
				EEA4144D27457F7C00BC9878 /* BaseCarouselItem.swift */,
				EE47AA7F2746E1E400CFBA63 /* MusicMenuView.swift */,
				EE47AA812746EB0B00CFBA63 /* EffectMenuView.swift */,
			);
			path = components;
			sourceTree = "<group>";
		};
		B3849782709973D9EB12047B /* Pods */ = {
			isa = PBXGroup;
			children = (
				F482BD3DEB661F770CCA9930 /* Pods-MotionMusic.debug.xcconfig */,
				F08BF408A50CFF92720C3E07 /* Pods-MotionMusic.release.xcconfig */,
			);
			path = Pods;
			sourceTree = "<group>";
		};
		EE3DACF5273D8BA80038FAE6 /* modules */ = {
			isa = PBXGroup;
			children = (
				EE3DACF6273D8BBE0038FAE6 /* CarouselModule.swift */,
				EE3DACF8273D8C240038FAE6 /* MotionMusicModule.swift */,
				EE3DACFA273D8C930038FAE6 /* RecordingModule.swift */,
				EE3DACFC273D8D500038FAE6 /* SoundsModule.swift */,
				EE3DACFE273D8D9D0038FAE6 /* VisionModule.swift */,
				EE3DAD00273D8E210038FAE6 /* CaptureModule.swift */,
				EE3DAD02273D8E730038FAE6 /* UIModule.swift */,
				EE3DAD04273D8F7D0038FAE6 /* AnimationModule.swift */,
			);
			path = modules;
			sourceTree = "<group>";
		};
		EE3DAD06273D90290038FAE6 /* animations */ = {
			isa = PBXGroup;
			children = (
				EE3DAD07273D90430038FAE6 /* fireworks.json */,
				EE47AA832748200700CFBA63 /* clap.json */,
			);
			path = animations;
			sourceTree = "<group>";
		};
		EE3DAD09273D9C7E0038FAE6 /* Review */ = {
			isa = PBXGroup;
			children = (
				EE3DAD0A273D9C900038FAE6 /* ReviewView.storyboard */,
				EE3DAD0C273D9CA50038FAE6 /* ReviewViewController.swift */,
			);
			path = Review;
			sourceTree = "<group>";
		};
		EEA414442745762C00BC9878 /* Recovered References */ = {
			isa = PBXGroup;
			children = (
				EE13CD932739B50F00DC9B3D /* clap_D#1.wav */,
				EE13CD922739B50F00DC9B3D /* bass_drum_C1.wav */,
				EE13CD912739B50E00DC9B3D /* open_hi_hat_A#1.wav */,
			);
			name = "Recovered References";
			sourceTree = "<group>";
		};
		EEA414462745772E00BC9878 /* effects */ = {
			isa = PBXGroup;
			children = (
				0EDF7794273AE90500C1A4A1 /* SelectedEffectView.swift */,
				0EDF7796273AE92C00C1A4A1 /* SelectedEffectView.xib */,
				EEA41447274577AA00BC9878 /* UnselectedEffectView.swift */,
				EEA41448274577AA00BC9878 /* UnselectedEffectView.xib */,
				0EDF77B027440FBE00C1A4A1 /* EffectsStyleCarousel.swift */,
			);
			path = effects;
			sourceTree = "<group>";
		};
		EEA4144F274580D800BC9878 /* genre */ = {
			isa = PBXGroup;
			children = (
				0EDF77B42744219400C1A4A1 /* SelectedGenreView.swift */,
				0EDF77B6274421CF00C1A4A1 /* SelectedGenreView.xib */,
				0EDF77BA27442A0000C1A4A1 /* UnselectedGenreView.swift */,
				0EDF77BC27442A2000C1A4A1 /* UnselectedGenreView.xib */,
				0EDF77BE274698D200C1A4A1 /* GenreCarousel.swift */,
			);
			path = genre;
			sourceTree = "<group>";
		};
		EEE28E76274583AA00F022FF /* music */ = {
			isa = PBXGroup;
			children = (
				0EDF77AC2743F9E400C1A4A1 /* SelectedMusicView.swift */,
				0EDF77A82743F4B200C1A4A1 /* SelectedMusicView.xib */,
				0EDF77A427433B1300C1A4A1 /* UnselectedMusicView.swift */,
				0EDF77A22742A9FB00C1A4A1 /* UnselectedMusicView.xib */,
				0EDF77A62743EC4200C1A4A1 /* MusicStyleCarousel.swift */,
			);
			path = music;
			sourceTree = "<group>";
		};
		EEE28E7D2745984500F022FF /* services */ = {
			isa = PBXGroup;
			children = (
				EEE28E7E2745986A00F022FF /* MusicMotionService.swift */,
			);
			path = services;
			sourceTree = "<group>";
		};
		EEECFF9E2735A11100821227 = {
			isa = PBXGroup;
			children = (
				EEECFFA92735A11100821227 /* MotionMusic */,
				EEECFFA82735A11100821227 /* Products */,
				EEECFFBF2735A55600821227 /* Frameworks */,
				B3849782709973D9EB12047B /* Pods */,
				EEA414442745762C00BC9878 /* Recovered References */,
			);
			sourceTree = "<group>";
		};
		EEECFFA82735A11100821227 /* Products */ = {
			isa = PBXGroup;
			children = (
				EEECFFA72735A11100821227 /* MotionMusic.app */,
			);
			name = Products;
			sourceTree = "<group>";
		};
		EEECFFA92735A11100821227 /* MotionMusic */ = {
			isa = PBXGroup;
			children = (
				EEA4143E27441EFA00BC9878 /* drums */,
				EE3DAD5B273EFF180038FAE6 /* piano */,
				EE3DAD06273D90290038FAE6 /* animations */,
				EEE28E7D2745984500F022FF /* services */,
				0EDF7793273AE8C400C1A4A1 /* components */,
				EEECFFC32735A5BC00821227 /* utils */,
				EEECFFC42735A5C800821227 /* views */,
				EEECFFC22735A5A800821227 /* models */,
				EEECFFBE2735A54C00821227 /* MotionMusic.entitlements */,
				EEECFFAA2735A11100821227 /* AppDelegate.swift */,
				EEECFFAC2735A11100821227 /* SceneDelegate.swift */,
				EEECFFB32735A11300821227 /* Assets.xcassets */,
				EEECFFB52735A11300821227 /* LaunchScreen.storyboard */,
				EEECFFB82735A11300821227 /* Info.plist */,
			);
			path = MotionMusic;
			sourceTree = "<group>";
		};
		EEECFFBF2735A55600821227 /* Frameworks */ = {
			isa = PBXGroup;
			children = (
				EEECFFC02735A55600821227 /* CloudKit.framework */,
				3425F586F24F5750B0FAB525 /* Pods_MotionMusic.framework */,
			);
			name = Frameworks;
			sourceTree = "<group>";
		};
		EEECFFC22735A5A800821227 /* models */ = {
			isa = PBXGroup;
			children = (
				EEECFFC52735A65700821227 /* SoundButtonModel.swift */,
				EEECFFC72735A9F700821227 /* MusicModel.swift */,
				EE13CD892739973600DC9B3D /* PointGroupModel.swift */,
				0EDF77B227441A7C00C1A4A1 /* MusicGenreModel.swift */,
				0EDF77B8274426AE00C1A4A1 /* EffectStyleModel.swift */,
			);
			path = models;
			sourceTree = "<group>";
		};
		EEECFFC32735A5BC00821227 /* utils */ = {
			isa = PBXGroup;
			children = (
				EEECFFD32735BCBD00821227 /* functions.swift */,
				EEECFFD52735C59300821227 /* extensions.swift */,
			);
			path = utils;
			sourceTree = "<group>";
		};
		EEECFFC42735A5C800821227 /* views */ = {
			isa = PBXGroup;
			children = (
				EE3DAD09273D9C7E0038FAE6 /* Review */,
				EEECFFCA2735AACF00821227 /* Home */,
				EEECFFC92735AAC100821227 /* Splash */,
			);
			path = views;
			sourceTree = "<group>";
		};
		EEECFFC92735AAC100821227 /* Splash */ = {
			isa = PBXGroup;
			children = (
				EEECFFB02735A11100821227 /* SplashView.storyboard */,
				EEECFFAE2735A11100821227 /* SplashViewController.swift */,
			);
			path = Splash;
			sourceTree = "<group>";
		};
		EEECFFCA2735AACF00821227 /* Home */ = {
			isa = PBXGroup;
			children = (
				EE3DACF5273D8BA80038FAE6 /* modules */,
				EEECFFCB2735AB4300821227 /* HomeView.storyboard */,
				EEECFFCD2735AB5500821227 /* HomeViewController.swift */,
			);
			path = Home;
			sourceTree = "<group>";
		};
/* End PBXGroup section */

/* Begin PBXNativeTarget section */
		EEECFFA62735A11100821227 /* MotionMusic */ = {
			isa = PBXNativeTarget;
			buildConfigurationList = EEECFFBB2735A11300821227 /* Build configuration list for PBXNativeTarget "MotionMusic" */;
			buildPhases = (
				417AD91B2DCBB9A7FB914167 /* [CP] Check Pods Manifest.lock */,
				EEECFFA32735A11100821227 /* Sources */,
				EEECFFA42735A11100821227 /* Frameworks */,
				EEECFFA52735A11100821227 /* Resources */,
				9C407249C66DEFBC99C9CF49 /* [CP] Embed Pods Frameworks */,
			);
			buildRules = (
			);
			dependencies = (
			);
			name = MotionMusic;
			packageProductDependencies = (
				EE13CD8C2739A69700DC9B3D /* AudioKit */,
				EE13CD8F2739A6A900DC9B3D /* SoundpipeAudioKit */,
			);
			productName = MotionMusic;
			productReference = EEECFFA72735A11100821227 /* MotionMusic.app */;
			productType = "com.apple.product-type.application";
		};
/* End PBXNativeTarget section */

/* Begin PBXProject section */
		EEECFF9F2735A11100821227 /* Project object */ = {
			isa = PBXProject;
			attributes = {
				BuildIndependentTargetsInParallel = 1;
				LastSwiftUpdateCheck = 1310;
				LastUpgradeCheck = 1310;
				TargetAttributes = {
					EEECFFA62735A11100821227 = {
						CreatedOnToolsVersion = 13.1;
					};
				};
			};
			buildConfigurationList = EEECFFA22735A11100821227 /* Build configuration list for PBXProject "MotionMusic" */;
			compatibilityVersion = "Xcode 13.0";
			developmentRegion = en;
			hasScannedForEncodings = 0;
			knownRegions = (
				en,
				Base,
			);
			mainGroup = EEECFF9E2735A11100821227;
			packageReferences = (
				EE13CD8B2739A69700DC9B3D /* XCRemoteSwiftPackageReference "AudioKit" */,
				EE13CD8E2739A6A900DC9B3D /* XCRemoteSwiftPackageReference "SoundpipeAudioKit" */,
			);
			productRefGroup = EEECFFA82735A11100821227 /* Products */;
			projectDirPath = "";
			projectRoot = "";
			targets = (
				EEECFFA62735A11100821227 /* MotionMusic */,
			);
		};
/* End PBXProject section */

/* Begin PBXResourcesBuildPhase section */
		EEECFFA52735A11100821227 /* Resources */ = {
			isa = PBXResourcesBuildPhase;
			buildActionMask = 2147483647;
			files = (
				0EDF77A32742A9FB00C1A4A1 /* UnselectedMusicView.xib in Resources */,
				EE3DAD5C273EFF180038FAE6 /* piano in Resources */,
				EEECFFB72735A11300821227 /* LaunchScreen.storyboard in Resources */,
				EEECFFB42735A11300821227 /* Assets.xcassets in Resources */,
				EEA4144A274577AA00BC9878 /* UnselectedEffectView.xib in Resources */,
				EEECFFCC2735AB4300821227 /* HomeView.storyboard in Resources */,
				EE47AA842748200700CFBA63 /* clap.json in Resources */,
				0EDF779D273EF49D00C1A4A1 /* MenuView.xib in Resources */,
				0EDF77BD27442A2000C1A4A1 /* UnselectedGenreView.xib in Resources */,
				EE3DAD0B273D9C900038FAE6 /* ReviewView.storyboard in Resources */,
				0EDF77B7274421CF00C1A4A1 /* SelectedGenreView.xib in Resources */,
				0EDF77A92743F4B200C1A4A1 /* SelectedMusicView.xib in Resources */,
				EEA4143F27441EFA00BC9878 /* drums in Resources */,
				EEECFFB22735A11100821227 /* SplashView.storyboard in Resources */,
				0EDF7797273AE92C00C1A4A1 /* SelectedEffectView.xib in Resources */,
			);
			runOnlyForDeploymentPostprocessing = 0;
		};
/* End PBXResourcesBuildPhase section */

/* Begin PBXShellScriptBuildPhase section */
		417AD91B2DCBB9A7FB914167 /* [CP] Check Pods Manifest.lock */ = {
			isa = PBXShellScriptBuildPhase;
			buildActionMask = 2147483647;
			files = (
			);
			inputFileListPaths = (
			);
			inputPaths = (
				"${PODS_PODFILE_DIR_PATH}/Podfile.lock",
				"${PODS_ROOT}/Manifest.lock",
			);
			name = "[CP] Check Pods Manifest.lock";
			outputFileListPaths = (
			);
			outputPaths = (
				"$(DERIVED_FILE_DIR)/Pods-MotionMusic-checkManifestLockResult.txt",
			);
			runOnlyForDeploymentPostprocessing = 0;
			shellPath = /bin/sh;
			shellScript = "diff \"${PODS_PODFILE_DIR_PATH}/Podfile.lock\" \"${PODS_ROOT}/Manifest.lock\" > /dev/null\nif [ $? != 0 ] ; then\n    # print error to STDERR\n    echo \"error: The sandbox is not in sync with the Podfile.lock. Run 'pod install' or update your CocoaPods installation.\" >&2\n    exit 1\nfi\n# This output is used by Xcode 'outputs' to avoid re-running this script phase.\necho \"SUCCESS\" > \"${SCRIPT_OUTPUT_FILE_0}\"\n";
			showEnvVarsInLog = 0;
		};
		9C407249C66DEFBC99C9CF49 /* [CP] Embed Pods Frameworks */ = {
			isa = PBXShellScriptBuildPhase;
			buildActionMask = 2147483647;
			files = (
			);
			inputFileListPaths = (
				"${PODS_ROOT}/Target Support Files/Pods-MotionMusic/Pods-MotionMusic-frameworks-${CONFIGURATION}-input-files.xcfilelist",
			);
			name = "[CP] Embed Pods Frameworks";
			outputFileListPaths = (
				"${PODS_ROOT}/Target Support Files/Pods-MotionMusic/Pods-MotionMusic-frameworks-${CONFIGURATION}-output-files.xcfilelist",
			);
			runOnlyForDeploymentPostprocessing = 0;
			shellPath = /bin/sh;
			shellScript = "\"${PODS_ROOT}/Target Support Files/Pods-MotionMusic/Pods-MotionMusic-frameworks.sh\"\n";
			showEnvVarsInLog = 0;
		};
/* End PBXShellScriptBuildPhase section */

/* Begin PBXSourcesBuildPhase section */
		EEECFFA32735A11100821227 /* Sources */ = {
			isa = PBXSourcesBuildPhase;
			buildActionMask = 2147483647;
			files = (
				EE47AA802746E1E400CFBA63 /* MusicMenuView.swift in Sources */,
				EE3DAD03273D8E730038FAE6 /* UIModule.swift in Sources */,
				EE3DAD0D273D9CA50038FAE6 /* ReviewViewController.swift in Sources */,
				0EDF7799273AEB6700C1A4A1 /* RingView.swift in Sources */,
				EEECFFAF2735A11100821227 /* SplashViewController.swift in Sources */,
				EEECFFAB2735A11100821227 /* AppDelegate.swift in Sources */,
				EE3DACF7273D8BBE0038FAE6 /* CarouselModule.swift in Sources */,
				0EDF77BB27442A0000C1A4A1 /* UnselectedGenreView.swift in Sources */,
				0EDF779F2742868E00C1A4A1 /* MenuView.swift in Sources */,
				EE3DAD05273D8F7D0038FAE6 /* AnimationModule.swift in Sources */,
				0EDF77B127440FBE00C1A4A1 /* EffectsStyleCarousel.swift in Sources */,
				EEECFFD42735BCBD00821227 /* functions.swift in Sources */,
				0EDF7795273AE90500C1A4A1 /* SelectedEffectView.swift in Sources */,
				EEECFFAD2735A11100821227 /* SceneDelegate.swift in Sources */,
				EEA41449274577AA00BC9878 /* UnselectedEffectView.swift in Sources */,
				EE13CD8A2739973600DC9B3D /* PointGroupModel.swift in Sources */,
				EE3DACF9273D8C240038FAE6 /* MotionMusicModule.swift in Sources */,
				EEECFFD62735C59300821227 /* extensions.swift in Sources */,
				0EDF77B52744219400C1A4A1 /* SelectedGenreView.swift in Sources */,
				0EDF77A527433B1300C1A4A1 /* UnselectedMusicView.swift in Sources */,
				EEECFFC82735A9F700821227 /* MusicModel.swift in Sources */,
				EEA4144C274578FF00BC9878 /* CustomCarouselView.swift in Sources */,
				0EDF77BF274698D200C1A4A1 /* GenreCarousel.swift in Sources */,
				EE3DACFB273D8C930038FAE6 /* RecordingModule.swift in Sources */,
				EE47AA822746EB0B00CFBA63 /* EffectMenuView.swift in Sources */,
				0EDF77B9274426AE00C1A4A1 /* EffectStyleModel.swift in Sources */,
				EEECFFC62735A65700821227 /* SoundButtonModel.swift in Sources */,
				EEECFFCE2735AB5500821227 /* HomeViewController.swift in Sources */,
				EEA4144E27457F7C00BC9878 /* BaseCarouselItem.swift in Sources */,
				0EDF77B327441A7C00C1A4A1 /* MusicGenreModel.swift in Sources */,
				0EDF77AD2743F9E400C1A4A1 /* SelectedMusicView.swift in Sources */,
				0EDF77A72743EC4200C1A4A1 /* MusicStyleCarousel.swift in Sources */,
				EE3DACFF273D8D9D0038FAE6 /* VisionModule.swift in Sources */,
				EEE28E7F2745986A00F022FF /* MusicMotionService.swift in Sources */,
				EE3DAD01273D8E210038FAE6 /* CaptureModule.swift in Sources */,
				EE3DACFD273D8D500038FAE6 /* SoundsModule.swift in Sources */,
			);
			runOnlyForDeploymentPostprocessing = 0;
		};
/* End PBXSourcesBuildPhase section */

/* Begin PBXVariantGroup section */
		EEECFFB02735A11100821227 /* SplashView.storyboard */ = {
			isa = PBXVariantGroup;
			children = (
				EEECFFB12735A11100821227 /* Base */,
			);
			name = SplashView.storyboard;
			sourceTree = "<group>";
		};
		EEECFFB52735A11300821227 /* LaunchScreen.storyboard */ = {
			isa = PBXVariantGroup;
			children = (
				EEECFFB62735A11300821227 /* Base */,
			);
			name = LaunchScreen.storyboard;
			sourceTree = "<group>";
		};
/* End PBXVariantGroup section */

/* Begin XCBuildConfiguration section */
		EEECFFB92735A11300821227 /* Debug */ = {
			isa = XCBuildConfiguration;
			buildSettings = {
				ALWAYS_SEARCH_USER_PATHS = NO;
				CLANG_ANALYZER_NONNULL = YES;
				CLANG_ANALYZER_NUMBER_OBJECT_CONVERSION = YES_AGGRESSIVE;
				CLANG_CXX_LANGUAGE_STANDARD = "gnu++17";
				CLANG_CXX_LIBRARY = "libc++";
				CLANG_ENABLE_MODULES = YES;
				CLANG_ENABLE_OBJC_ARC = YES;
				CLANG_ENABLE_OBJC_WEAK = YES;
				CLANG_WARN_BLOCK_CAPTURE_AUTORELEASING = YES;
				CLANG_WARN_BOOL_CONVERSION = YES;
				CLANG_WARN_COMMA = YES;
				CLANG_WARN_CONSTANT_CONVERSION = YES;
				CLANG_WARN_DEPRECATED_OBJC_IMPLEMENTATIONS = YES;
				CLANG_WARN_DIRECT_OBJC_ISA_USAGE = YES_ERROR;
				CLANG_WARN_DOCUMENTATION_COMMENTS = YES;
				CLANG_WARN_EMPTY_BODY = YES;
				CLANG_WARN_ENUM_CONVERSION = YES;
				CLANG_WARN_INFINITE_RECURSION = YES;
				CLANG_WARN_INT_CONVERSION = YES;
				CLANG_WARN_NON_LITERAL_NULL_CONVERSION = YES;
				CLANG_WARN_OBJC_IMPLICIT_RETAIN_SELF = YES;
				CLANG_WARN_OBJC_LITERAL_CONVERSION = YES;
				CLANG_WARN_OBJC_ROOT_CLASS = YES_ERROR;
				CLANG_WARN_QUOTED_INCLUDE_IN_FRAMEWORK_HEADER = YES;
				CLANG_WARN_RANGE_LOOP_ANALYSIS = YES;
				CLANG_WARN_STRICT_PROTOTYPES = YES;
				CLANG_WARN_SUSPICIOUS_MOVE = YES;
				CLANG_WARN_UNGUARDED_AVAILABILITY = YES_AGGRESSIVE;
				CLANG_WARN_UNREACHABLE_CODE = YES;
				CLANG_WARN__DUPLICATE_METHOD_MATCH = YES;
				COPY_PHASE_STRIP = NO;
				DEBUG_INFORMATION_FORMAT = dwarf;
				ENABLE_STRICT_OBJC_MSGSEND = YES;
				ENABLE_TESTABILITY = YES;
				GCC_C_LANGUAGE_STANDARD = gnu11;
				GCC_DYNAMIC_NO_PIC = NO;
				GCC_NO_COMMON_BLOCKS = YES;
				GCC_OPTIMIZATION_LEVEL = 0;
				GCC_PREPROCESSOR_DEFINITIONS = (
					"DEBUG=1",
					"$(inherited)",
				);
				GCC_WARN_64_TO_32_BIT_CONVERSION = YES;
				GCC_WARN_ABOUT_RETURN_TYPE = YES_ERROR;
				GCC_WARN_UNDECLARED_SELECTOR = YES;
				GCC_WARN_UNINITIALIZED_AUTOS = YES_AGGRESSIVE;
				GCC_WARN_UNUSED_FUNCTION = YES;
				GCC_WARN_UNUSED_VARIABLE = YES;
				IPHONEOS_DEPLOYMENT_TARGET = 15.0;
				MTL_ENABLE_DEBUG_INFO = INCLUDE_SOURCE;
				MTL_FAST_MATH = YES;
				ONLY_ACTIVE_ARCH = YES;
				SDKROOT = iphoneos;
				SWIFT_ACTIVE_COMPILATION_CONDITIONS = DEBUG;
				SWIFT_OPTIMIZATION_LEVEL = "-Onone";
			};
			name = Debug;
		};
		EEECFFBA2735A11300821227 /* Release */ = {
			isa = XCBuildConfiguration;
			buildSettings = {
				ALWAYS_SEARCH_USER_PATHS = NO;
				CLANG_ANALYZER_NONNULL = YES;
				CLANG_ANALYZER_NUMBER_OBJECT_CONVERSION = YES_AGGRESSIVE;
				CLANG_CXX_LANGUAGE_STANDARD = "gnu++17";
				CLANG_CXX_LIBRARY = "libc++";
				CLANG_ENABLE_MODULES = YES;
				CLANG_ENABLE_OBJC_ARC = YES;
				CLANG_ENABLE_OBJC_WEAK = YES;
				CLANG_WARN_BLOCK_CAPTURE_AUTORELEASING = YES;
				CLANG_WARN_BOOL_CONVERSION = YES;
				CLANG_WARN_COMMA = YES;
				CLANG_WARN_CONSTANT_CONVERSION = YES;
				CLANG_WARN_DEPRECATED_OBJC_IMPLEMENTATIONS = YES;
				CLANG_WARN_DIRECT_OBJC_ISA_USAGE = YES_ERROR;
				CLANG_WARN_DOCUMENTATION_COMMENTS = YES;
				CLANG_WARN_EMPTY_BODY = YES;
				CLANG_WARN_ENUM_CONVERSION = YES;
				CLANG_WARN_INFINITE_RECURSION = YES;
				CLANG_WARN_INT_CONVERSION = YES;
				CLANG_WARN_NON_LITERAL_NULL_CONVERSION = YES;
				CLANG_WARN_OBJC_IMPLICIT_RETAIN_SELF = YES;
				CLANG_WARN_OBJC_LITERAL_CONVERSION = YES;
				CLANG_WARN_OBJC_ROOT_CLASS = YES_ERROR;
				CLANG_WARN_QUOTED_INCLUDE_IN_FRAMEWORK_HEADER = YES;
				CLANG_WARN_RANGE_LOOP_ANALYSIS = YES;
				CLANG_WARN_STRICT_PROTOTYPES = YES;
				CLANG_WARN_SUSPICIOUS_MOVE = YES;
				CLANG_WARN_UNGUARDED_AVAILABILITY = YES_AGGRESSIVE;
				CLANG_WARN_UNREACHABLE_CODE = YES;
				CLANG_WARN__DUPLICATE_METHOD_MATCH = YES;
				COPY_PHASE_STRIP = NO;
				DEBUG_INFORMATION_FORMAT = "dwarf-with-dsym";
				ENABLE_NS_ASSERTIONS = NO;
				ENABLE_STRICT_OBJC_MSGSEND = YES;
				GCC_C_LANGUAGE_STANDARD = gnu11;
				GCC_NO_COMMON_BLOCKS = YES;
				GCC_WARN_64_TO_32_BIT_CONVERSION = YES;
				GCC_WARN_ABOUT_RETURN_TYPE = YES_ERROR;
				GCC_WARN_UNDECLARED_SELECTOR = YES;
				GCC_WARN_UNINITIALIZED_AUTOS = YES_AGGRESSIVE;
				GCC_WARN_UNUSED_FUNCTION = YES;
				GCC_WARN_UNUSED_VARIABLE = YES;
				IPHONEOS_DEPLOYMENT_TARGET = 15.0;
				MTL_ENABLE_DEBUG_INFO = NO;
				MTL_FAST_MATH = YES;
				SDKROOT = iphoneos;
				SWIFT_COMPILATION_MODE = wholemodule;
				SWIFT_OPTIMIZATION_LEVEL = "-O";
				VALIDATE_PRODUCT = YES;
			};
			name = Release;
		};
		EEECFFBC2735A11300821227 /* Debug */ = {
			isa = XCBuildConfiguration;
			baseConfigurationReference = F482BD3DEB661F770CCA9930 /* Pods-MotionMusic.debug.xcconfig */;
			buildSettings = {
				ASSETCATALOG_COMPILER_APPICON_NAME = AppIcon;
				ASSETCATALOG_COMPILER_GLOBAL_ACCENT_COLOR_NAME = AccentColor;
				CODE_SIGN_ENTITLEMENTS = MotionMusic/MotionMusic.entitlements;
				CODE_SIGN_STYLE = Automatic;
				CURRENT_PROJECT_VERSION = 0.0.1;
				DEVELOPMENT_TEAM = LP3UHZ556W;
				GENERATE_INFOPLIST_FILE = YES;
				INFOPLIST_FILE = MotionMusic/Info.plist;
				INFOPLIST_KEY_CFBundleDisplayName = Ginga;
				INFOPLIST_KEY_UIApplicationSupportsIndirectInputEvents = YES;
				INFOPLIST_KEY_UILaunchStoryboardName = LaunchScreen;
				INFOPLIST_KEY_UIMainStoryboardFile = SplashView;
				INFOPLIST_KEY_UISupportedInterfaceOrientations = "UIInterfaceOrientationPortrait UIInterfaceOrientationPortraitUpsideDown";
				INFOPLIST_KEY_UISupportedInterfaceOrientations_iPad = "UIInterfaceOrientationPortrait UIInterfaceOrientationPortraitUpsideDown UIInterfaceOrientationLandscapeLeft UIInterfaceOrientationLandscapeRight";
				INFOPLIST_KEY_UISupportedInterfaceOrientations_iPhone = "UIInterfaceOrientationPortrait UIInterfaceOrientationLandscapeLeft UIInterfaceOrientationLandscapeRight";
				LD_RUNPATH_SEARCH_PATHS = (
					"$(inherited)",
					"@executable_path/Frameworks",
				);
				MARKETING_VERSION = 0.0.1;
				PRODUCT_BUNDLE_IDENTIFIER = pr.puc.ada.MotionMusic;
				PRODUCT_NAME = "$(TARGET_NAME)";
				SWIFT_EMIT_LOC_STRINGS = YES;
				SWIFT_VERSION = 5.0;
				TARGETED_DEVICE_FAMILY = "1,2";
			};
			name = Debug;
		};
		EEECFFBD2735A11300821227 /* Release */ = {
			isa = XCBuildConfiguration;
			baseConfigurationReference = F08BF408A50CFF92720C3E07 /* Pods-MotionMusic.release.xcconfig */;
			buildSettings = {
				ASSETCATALOG_COMPILER_APPICON_NAME = AppIcon;
				ASSETCATALOG_COMPILER_GLOBAL_ACCENT_COLOR_NAME = AccentColor;
				CODE_SIGN_ENTITLEMENTS = MotionMusic/MotionMusic.entitlements;
				CODE_SIGN_STYLE = Automatic;
				CURRENT_PROJECT_VERSION = 0.0.1;
				DEVELOPMENT_TEAM = LP3UHZ556W;
				GENERATE_INFOPLIST_FILE = YES;
				INFOPLIST_FILE = MotionMusic/Info.plist;
				INFOPLIST_KEY_CFBundleDisplayName = Ginga;
				INFOPLIST_KEY_UIApplicationSupportsIndirectInputEvents = YES;
				INFOPLIST_KEY_UILaunchStoryboardName = LaunchScreen;
				INFOPLIST_KEY_UIMainStoryboardFile = SplashView;
				INFOPLIST_KEY_UISupportedInterfaceOrientations = "UIInterfaceOrientationPortrait UIInterfaceOrientationPortraitUpsideDown";
				INFOPLIST_KEY_UISupportedInterfaceOrientations_iPad = "UIInterfaceOrientationPortrait UIInterfaceOrientationPortraitUpsideDown UIInterfaceOrientationLandscapeLeft UIInterfaceOrientationLandscapeRight";
				INFOPLIST_KEY_UISupportedInterfaceOrientations_iPhone = "UIInterfaceOrientationPortrait UIInterfaceOrientationLandscapeLeft UIInterfaceOrientationLandscapeRight";
				LD_RUNPATH_SEARCH_PATHS = (
					"$(inherited)",
					"@executable_path/Frameworks",
				);
				MARKETING_VERSION = 0.0.1;
				PRODUCT_BUNDLE_IDENTIFIER = pr.puc.ada.MotionMusic;
				PRODUCT_NAME = "$(TARGET_NAME)";
				SWIFT_EMIT_LOC_STRINGS = YES;
				SWIFT_VERSION = 5.0;
				TARGETED_DEVICE_FAMILY = "1,2";
			};
			name = Release;
		};
/* End XCBuildConfiguration section */

/* Begin XCConfigurationList section */
		EEECFFA22735A11100821227 /* Build configuration list for PBXProject "MotionMusic" */ = {
			isa = XCConfigurationList;
			buildConfigurations = (
				EEECFFB92735A11300821227 /* Debug */,
				EEECFFBA2735A11300821227 /* Release */,
			);
			defaultConfigurationIsVisible = 0;
			defaultConfigurationName = Release;
		};
		EEECFFBB2735A11300821227 /* Build configuration list for PBXNativeTarget "MotionMusic" */ = {
			isa = XCConfigurationList;
			buildConfigurations = (
				EEECFFBC2735A11300821227 /* Debug */,
				EEECFFBD2735A11300821227 /* Release */,
			);
			defaultConfigurationIsVisible = 0;
			defaultConfigurationName = Release;
		};
/* End XCConfigurationList section */

/* Begin XCRemoteSwiftPackageReference section */
		EE13CD8B2739A69700DC9B3D /* XCRemoteSwiftPackageReference "AudioKit" */ = {
			isa = XCRemoteSwiftPackageReference;
			repositoryURL = "https://github.com/AudioKit/AudioKit.git";
			requirement = {
				kind = upToNextMajorVersion;
				minimumVersion = 5.0.0;
			};
		};
		EE13CD8E2739A6A900DC9B3D /* XCRemoteSwiftPackageReference "SoundpipeAudioKit" */ = {
			isa = XCRemoteSwiftPackageReference;
			repositoryURL = "https://github.com/AudioKit/SoundpipeAudioKit.git";
			requirement = {
				kind = upToNextMajorVersion;
				minimumVersion = 5.0.0;
			};
		};
/* End XCRemoteSwiftPackageReference section */

/* Begin XCSwiftPackageProductDependency section */
		EE13CD8C2739A69700DC9B3D /* AudioKit */ = {
			isa = XCSwiftPackageProductDependency;
			package = EE13CD8B2739A69700DC9B3D /* XCRemoteSwiftPackageReference "AudioKit" */;
			productName = AudioKit;
		};
		EE13CD8F2739A6A900DC9B3D /* SoundpipeAudioKit */ = {
			isa = XCSwiftPackageProductDependency;
			package = EE13CD8E2739A6A900DC9B3D /* XCRemoteSwiftPackageReference "SoundpipeAudioKit" */;
			productName = SoundpipeAudioKit;
		};
/* End XCSwiftPackageProductDependency section */
	};
	rootObject = EEECFF9F2735A11100821227 /* Project object */;
}
